
Microsoft Visual Studio Solution File, Format Version 12.00
# Visual Studio Version 16
VisualStudioVersion = 16.0.31005.135
MinimumVisualStudioVersion = 10.0.40219.1
Project("{9A19103F-16F7-4668-BE54-9A1E7A4F7556}") = "GameStore", "GameStore\GameStore.csproj", "{94014A64-4E51-47CF-A59B-378F539504C6}"
EndProject
Project("{9A19103F-16F7-4668-BE54-9A1E7A4F7556}") = "GameStore.Library", "GameStore.Library\GameStore.Library.csproj", "{6928D075-AE59-4ABC-ABB5-2D633F9F59F3}"
EndProject
Project("{9A19103F-16F7-4668-BE54-9A1E7A4F7556}") = "GameStore.Tests", "GameStore.Tests\GameStore.Tests.csproj", "{8AD24FEF-87B4-4743-ACA7-0458BB7A437A}"
EndProject
Project("{FAE04EC0-301F-11D3-BF4B-00C04F79EFBC}") = "GameStore.DataAccess", "GameStore.DataAccess\GameStore.DataAccess.csproj", "{5455763E-9BE8-4FA6-8514-C29E526EDD48}"
EndProject
Global
	GlobalSection(SolutionConfigurationPlatforms) = preSolution
		Debug|Any CPU = Debug|Any CPU
		Release|Any CPU = Release|Any CPU
	EndGlobalSection
	GlobalSection(ProjectConfigurationPlatforms) = postSolution
		{94014A64-4E51-47CF-A59B-378F539504C6}.Debug|Any CPU.ActiveCfg = Debug|Any CPU
		{94014A64-4E51-47CF-A59B-378F539504C6}.Debug|Any CPU.Build.0 = Debug|Any CPU
		{94014A64-4E51-47CF-A59B-378F539504C6}.Release|Any CPU.ActiveCfg = Release|Any CPU
		{94014A64-4E51-47CF-A59B-378F539504C6}.Release|Any CPU.Build.0 = Release|Any CPU
		{6928D075-AE59-4ABC-ABB5-2D633F9F59F3}.Debug|Any CPU.ActiveCfg = Debug|Any CPU
		{6928D075-AE59-4ABC-ABB5-2D633F9F59F3}.Debug|Any CPU.Build.0 = Debug|Any CPU
		{6928D075-AE59-4ABC-ABB5-2D633F9F59F3}.Release|Any CPU.ActiveCfg = Release|Any CPU
		{6928D075-AE59-4ABC-ABB5-2D633F9F59F3}.Release|Any CPU.Build.0 = Release|Any CPU
		{8AD24FEF-87B4-4743-ACA7-0458BB7A437A}.Debug|Any CPU.ActiveCfg = Debug|Any CPU
		{8AD24FEF-87B4-4743-ACA7-0458BB7A437A}.Debug|Any CPU.Build.0 = Debug|Any CPU
		{8AD24FEF-87B4-4743-ACA7-0458BB7A437A}.Release|Any CPU.ActiveCfg = Release|Any CPU
		{8AD24FEF-87B4-4743-ACA7-0458BB7A437A}.Release|Any CPU.Build.0 = Release|Any CPU
		{5455763E-9BE8-4FA6-8514-C29E526EDD48}.Debug|Any CPU.ActiveCfg = Debug|Any CPU
		{5455763E-9BE8-4FA6-8514-C29E526EDD48}.Debug|Any CPU.Build.0 = Debug|Any CPU
		{5455763E-9BE8-4FA6-8514-C29E526EDD48}.Release|Any CPU.ActiveCfg = Release|Any CPU
		{5455763E-9BE8-4FA6-8514-C29E526EDD48}.Release|Any CPU.Build.0 = Release|Any CPU
	EndGlobalSection
	GlobalSection(SolutionProperties) = preSolution
		HideSolutionNode = FALSE
	EndGlobalSection
	GlobalSection(ExtensibilityGlobals) = postSolution
		SolutionGuid = {EDC647B0-2BDB-4B5B-8548-08B56DF2D2CD}
	EndGlobalSection
EndGlobal
